
Microsoft Visual Studio Solution File, Format Version 12.00
# Visual Studio Version 17
VisualStudioVersion = 17.4.33110.190
MinimumVisualStudioVersion = 10.0.40219.1
Project("{FAE04EC0-301F-11D3-BF4B-00C04F79EFBC}") = "FootballLeagueCodeFirst", "FootballLeagueCodeFirst\FootballLeagueCodeFirst.csproj", "{81212FDE-60C0-4B57-A7D1-4B08AB391D37}"
EndProject
Global
	GlobalSection(SolutionConfigurationPlatforms) = preSolution
		Debug|Any CPU = Debug|Any CPU
		Release|Any CPU = Release|Any CPU
	EndGlobalSection
	GlobalSection(ProjectConfigurationPlatforms) = postSolution
		{81212FDE-60C0-4B57-A7D1-4B08AB391D37}.Debug|Any CPU.ActiveCfg = Debug|Any CPU
		{81212FDE-60C0-4B57-A7D1-4B08AB391D37}.Debug|Any CPU.Build.0 = Debug|Any CPU
		{81212FDE-60C0-4B57-A7D1-4B08AB391D37}.Release|Any CPU.ActiveCfg = Release|Any CPU
		{81212FDE-60C0-4B57-A7D1-4B08AB391D37}.Release|Any CPU.Build.0 = Release|Any CPU
	EndGlobalSection
	GlobalSection(SolutionProperties) = preSolution
		HideSolutionNode = FALSE
	EndGlobalSection
	GlobalSection(ExtensibilityGlobals) = postSolution
		SolutionGuid = {55906247-BE48-455F-8AC0-C3E824C7B393}
	EndGlobalSection
EndGlobal
