
Microsoft Visual Studio Solution File, Format Version 12.00
# Visual Studio Version 17
VisualStudioVersion = 17.4.33110.190
MinimumVisualStudioVersion = 10.0.40219.1
Project("{FAE04EC0-301F-11D3-BF4B-00C04F79EFBC}") = "RazorSyntax", "RazorSyntax\RazorSyntax.csproj", "{49F608F5-5060-45EC-B910-B41993BD09CF}"
EndProject
Global
	GlobalSection(SolutionConfigurationPlatforms) = preSolution
		Debug|Any CPU = Debug|Any CPU
		Release|Any CPU = Release|Any CPU
	EndGlobalSection
	GlobalSection(ProjectConfigurationPlatforms) = postSolution
		{49F608F5-5060-45EC-B910-B41993BD09CF}.Debug|Any CPU.ActiveCfg = Debug|Any CPU
		{49F608F5-5060-45EC-B910-B41993BD09CF}.Debug|Any CPU.Build.0 = Debug|Any CPU
		{49F608F5-5060-45EC-B910-B41993BD09CF}.Release|Any CPU.ActiveCfg = Release|Any CPU
		{49F608F5-5060-45EC-B910-B41993BD09CF}.Release|Any CPU.Build.0 = Release|Any CPU
	EndGlobalSection
	GlobalSection(SolutionProperties) = preSolution
		HideSolutionNode = FALSE
	EndGlobalSection
	GlobalSection(ExtensibilityGlobals) = postSolution
		SolutionGuid = {66621C09-3487-4BD0-8035-E162D6EA6AB6}
	EndGlobalSection
EndGlobal
