
Microsoft Visual Studio Solution File, Format Version 12.00
# Visual Studio Version 17
VisualStudioVersion = 17.4.33110.190
MinimumVisualStudioVersion = 10.0.40219.1
Project("{FAE04EC0-301F-11D3-BF4B-00C04F79EFBC}") = "ViewData", "ViewData\ViewData.csproj", "{DB636F81-0E59-4486-A134-C5707015D0DB}"
EndProject
Global
	GlobalSection(SolutionConfigurationPlatforms) = preSolution
		Debug|Any CPU = Debug|Any CPU
		Release|Any CPU = Release|Any CPU
	EndGlobalSection
	GlobalSection(ProjectConfigurationPlatforms) = postSolution
		{DB636F81-0E59-4486-A134-C5707015D0DB}.Debug|Any CPU.ActiveCfg = Debug|Any CPU
		{DB636F81-0E59-4486-A134-C5707015D0DB}.Debug|Any CPU.Build.0 = Debug|Any CPU
		{DB636F81-0E59-4486-A134-C5707015D0DB}.Release|Any CPU.ActiveCfg = Release|Any CPU
		{DB636F81-0E59-4486-A134-C5707015D0DB}.Release|Any CPU.Build.0 = Release|Any CPU
	EndGlobalSection
	GlobalSection(SolutionProperties) = preSolution
		HideSolutionNode = FALSE
	EndGlobalSection
	GlobalSection(ExtensibilityGlobals) = postSolution
		SolutionGuid = {77076C77-05FF-449D-BB22-21EB7B736EF1}
	EndGlobalSection
EndGlobal
